
Microsoft Visual Studio Solution File, Format Version 12.00
# Visual Studio 15
VisualStudioVersion = 15.0.26621.2
MinimumVisualStudioVersion = 10.0.40219.1
Project("{FAE04EC0-301F-11D3-BF4B-00C04F79EFBC}") = "CrossPlatformDemo.Core", "CrossPlatformDemo.Core\CrossPlatformDemo.Core.csproj", "{0B17F6AB-EE4B-4584-A7D1-F2041FAB6540}"
EndProject
Project("{FAE04EC0-301F-11D3-BF4B-00C04F79EFBC}") = "CrossPlatformDemo.Droid", "CrossPlatformDemo.Droid\CrossPlatformDemo.Droid.csproj", "{AA02DA6C-3CEF-4911-9896-3071AC04FDEE}"
EndProject
Project("{FAE04EC0-301F-11D3-BF4B-00C04F79EFBC}") = "CrossPlatformDemo.Ios", "CrossPlatformDemo.Ios\CrossPlatformDemo.Ios.csproj", "{423C5A16-C51F-4E28-9C0F-84C7C0CCD4AC}"
EndProject
Project("{2150E333-8FDC-42A3-9474-1A3956D46DE8}") = "Native", "Native", "{BCAB8D20-8646-4996-8DB2-9E77D7B372AE}"
EndProject
Project("{FAE04EC0-301F-11D3-BF4B-00C04F79EFBC}") = "CrossPlatformDemo.Tests", "CrossPlatformDemo.Tests\CrossPlatformDemo.Tests.csproj", "{57F12C93-A2C8-49DE-8CAD-138E83748674}"
EndProject
Project("{FAE04EC0-301F-11D3-BF4B-00C04F79EFBC}") = "CrossPlatformDemo.Uwp", "CrossPlatformDemo.Uwp\CrossPlatformDemo.Uwp.csproj", "{3A740E8D-144E-4C0D-BA93-5E6FB1F668BE}"
EndProject
Global
	GlobalSection(SolutionConfigurationPlatforms) = preSolution
		Ad-Hoc|Any CPU = Ad-Hoc|Any CPU
		Ad-Hoc|ARM = Ad-Hoc|ARM
		Ad-Hoc|iPhone = Ad-Hoc|iPhone
		Ad-Hoc|iPhoneSimulator = Ad-Hoc|iPhoneSimulator
		Ad-Hoc|x64 = Ad-Hoc|x64
		Ad-Hoc|x86 = Ad-Hoc|x86
		AppStore|Any CPU = AppStore|Any CPU
		AppStore|ARM = AppStore|ARM
		AppStore|iPhone = AppStore|iPhone
		AppStore|iPhoneSimulator = AppStore|iPhoneSimulator
		AppStore|x64 = AppStore|x64
		AppStore|x86 = AppStore|x86
		Debug|Any CPU = Debug|Any CPU
		Debug|ARM = Debug|ARM
		Debug|iPhone = Debug|iPhone
		Debug|iPhoneSimulator = Debug|iPhoneSimulator
		Debug|x64 = Debug|x64
		Debug|x86 = Debug|x86
		Release|Any CPU = Release|Any CPU
		Release|ARM = Release|ARM
		Release|iPhone = Release|iPhone
		Release|iPhoneSimulator = Release|iPhoneSimulator
		Release|x64 = Release|x64
		Release|x86 = Release|x86
	EndGlobalSection
	GlobalSection(ProjectConfigurationPlatforms) = postSolution
		{0B17F6AB-EE4B-4584-A7D1-F2041FAB6540}.Ad-Hoc|Any CPU.ActiveCfg = Release|Any CPU
		{0B17F6AB-EE4B-4584-A7D1-F2041FAB6540}.Ad-Hoc|Any CPU.Build.0 = Release|Any CPU
		{0B17F6AB-EE4B-4584-A7D1-F2041FAB6540}.Ad-Hoc|ARM.ActiveCfg = Debug|Any CPU
		{0B17F6AB-EE4B-4584-A7D1-F2041FAB6540}.Ad-Hoc|ARM.Build.0 = Debug|Any CPU
		{0B17F6AB-EE4B-4584-A7D1-F2041FAB6540}.Ad-Hoc|iPhone.ActiveCfg = Release|Any CPU
		{0B17F6AB-EE4B-4584-A7D1-F2041FAB6540}.Ad-Hoc|iPhone.Build.0 = Release|Any CPU
		{0B17F6AB-EE4B-4584-A7D1-F2041FAB6540}.Ad-Hoc|iPhoneSimulator.ActiveCfg = Release|Any CPU
		{0B17F6AB-EE4B-4584-A7D1-F2041FAB6540}.Ad-Hoc|iPhoneSimulator.Build.0 = Release|Any CPU
		{0B17F6AB-EE4B-4584-A7D1-F2041FAB6540}.Ad-Hoc|x64.ActiveCfg = Debug|Any CPU
		{0B17F6AB-EE4B-4584-A7D1-F2041FAB6540}.Ad-Hoc|x64.Build.0 = Debug|Any CPU
		{0B17F6AB-EE4B-4584-A7D1-F2041FAB6540}.Ad-Hoc|x86.ActiveCfg = Debug|Any CPU
		{0B17F6AB-EE4B-4584-A7D1-F2041FAB6540}.Ad-Hoc|x86.Build.0 = Debug|Any CPU
		{0B17F6AB-EE4B-4584-A7D1-F2041FAB6540}.AppStore|Any CPU.ActiveCfg = Release|Any CPU
		{0B17F6AB-EE4B-4584-A7D1-F2041FAB6540}.AppStore|Any CPU.Build.0 = Release|Any CPU
		{0B17F6AB-EE4B-4584-A7D1-F2041FAB6540}.AppStore|ARM.ActiveCfg = Debug|Any CPU
		{0B17F6AB-EE4B-4584-A7D1-F2041FAB6540}.AppStore|ARM.Build.0 = Debug|Any CPU
		{0B17F6AB-EE4B-4584-A7D1-F2041FAB6540}.AppStore|iPhone.ActiveCfg = Release|Any CPU
		{0B17F6AB-EE4B-4584-A7D1-F2041FAB6540}.AppStore|iPhone.Build.0 = Release|Any CPU
		{0B17F6AB-EE4B-4584-A7D1-F2041FAB6540}.AppStore|iPhoneSimulator.ActiveCfg = Release|Any CPU
		{0B17F6AB-EE4B-4584-A7D1-F2041FAB6540}.AppStore|iPhoneSimulator.Build.0 = Release|Any CPU
		{0B17F6AB-EE4B-4584-A7D1-F2041FAB6540}.AppStore|x64.ActiveCfg = Debug|Any CPU
		{0B17F6AB-EE4B-4584-A7D1-F2041FAB6540}.AppStore|x64.Build.0 = Debug|Any CPU
		{0B17F6AB-EE4B-4584-A7D1-F2041FAB6540}.AppStore|x86.ActiveCfg = Debug|Any CPU
		{0B17F6AB-EE4B-4584-A7D1-F2041FAB6540}.AppStore|x86.Build.0 = Debug|Any CPU
		{0B17F6AB-EE4B-4584-A7D1-F2041FAB6540}.Debug|Any CPU.ActiveCfg = Debug|Any CPU
		{0B17F6AB-EE4B-4584-A7D1-F2041FAB6540}.Debug|Any CPU.Build.0 = Debug|Any CPU
		{0B17F6AB-EE4B-4584-A7D1-F2041FAB6540}.Debug|ARM.ActiveCfg = Debug|Any CPU
		{0B17F6AB-EE4B-4584-A7D1-F2041FAB6540}.Debug|ARM.Build.0 = Debug|Any CPU
		{0B17F6AB-EE4B-4584-A7D1-F2041FAB6540}.Debug|iPhone.ActiveCfg = Debug|Any CPU
		{0B17F6AB-EE4B-4584-A7D1-F2041FAB6540}.Debug|iPhone.Build.0 = Debug|Any CPU
		{0B17F6AB-EE4B-4584-A7D1-F2041FAB6540}.Debug|iPhoneSimulator.ActiveCfg = Debug|Any CPU
		{0B17F6AB-EE4B-4584-A7D1-F2041FAB6540}.Debug|iPhoneSimulator.Build.0 = Debug|Any CPU
		{0B17F6AB-EE4B-4584-A7D1-F2041FAB6540}.Debug|x64.ActiveCfg = Debug|Any CPU
		{0B17F6AB-EE4B-4584-A7D1-F2041FAB6540}.Debug|x64.Build.0 = Debug|Any CPU
		{0B17F6AB-EE4B-4584-A7D1-F2041FAB6540}.Debug|x86.ActiveCfg = Debug|Any CPU
		{0B17F6AB-EE4B-4584-A7D1-F2041FAB6540}.Debug|x86.Build.0 = Debug|Any CPU
		{0B17F6AB-EE4B-4584-A7D1-F2041FAB6540}.Release|Any CPU.ActiveCfg = Release|Any CPU
		{0B17F6AB-EE4B-4584-A7D1-F2041FAB6540}.Release|Any CPU.Build.0 = Release|Any CPU
		{0B17F6AB-EE4B-4584-A7D1-F2041FAB6540}.Release|ARM.ActiveCfg = Release|Any CPU
		{0B17F6AB-EE4B-4584-A7D1-F2041FAB6540}.Release|ARM.Build.0 = Release|Any CPU
		{0B17F6AB-EE4B-4584-A7D1-F2041FAB6540}.Release|iPhone.ActiveCfg = Release|Any CPU
		{0B17F6AB-EE4B-4584-A7D1-F2041FAB6540}.Release|iPhone.Build.0 = Release|Any CPU
		{0B17F6AB-EE4B-4584-A7D1-F2041FAB6540}.Release|iPhoneSimulator.ActiveCfg = Release|Any CPU
		{0B17F6AB-EE4B-4584-A7D1-F2041FAB6540}.Release|iPhoneSimulator.Build.0 = Release|Any CPU
		{0B17F6AB-EE4B-4584-A7D1-F2041FAB6540}.Release|x64.ActiveCfg = Release|Any CPU
		{0B17F6AB-EE4B-4584-A7D1-F2041FAB6540}.Release|x64.Build.0 = Release|Any CPU
		{0B17F6AB-EE4B-4584-A7D1-F2041FAB6540}.Release|x86.ActiveCfg = Release|Any CPU
		{0B17F6AB-EE4B-4584-A7D1-F2041FAB6540}.Release|x86.Build.0 = Release|Any CPU
		{AA02DA6C-3CEF-4911-9896-3071AC04FDEE}.Ad-Hoc|Any CPU.ActiveCfg = Release|Any CPU
		{AA02DA6C-3CEF-4911-9896-3071AC04FDEE}.Ad-Hoc|Any CPU.Build.0 = Release|Any CPU
		{AA02DA6C-3CEF-4911-9896-3071AC04FDEE}.Ad-Hoc|Any CPU.Deploy.0 = Release|Any CPU
		{AA02DA6C-3CEF-4911-9896-3071AC04FDEE}.Ad-Hoc|ARM.ActiveCfg = Debug|Any CPU
		{AA02DA6C-3CEF-4911-9896-3071AC04FDEE}.Ad-Hoc|ARM.Build.0 = Debug|Any CPU
		{AA02DA6C-3CEF-4911-9896-3071AC04FDEE}.Ad-Hoc|ARM.Deploy.0 = Debug|Any CPU
		{AA02DA6C-3CEF-4911-9896-3071AC04FDEE}.Ad-Hoc|iPhone.ActiveCfg = Release|Any CPU
		{AA02DA6C-3CEF-4911-9896-3071AC04FDEE}.Ad-Hoc|iPhone.Build.0 = Release|Any CPU
		{AA02DA6C-3CEF-4911-9896-3071AC04FDEE}.Ad-Hoc|iPhone.Deploy.0 = Release|Any CPU
		{AA02DA6C-3CEF-4911-9896-3071AC04FDEE}.Ad-Hoc|iPhoneSimulator.ActiveCfg = Release|Any CPU
		{AA02DA6C-3CEF-4911-9896-3071AC04FDEE}.Ad-Hoc|iPhoneSimulator.Build.0 = Release|Any CPU
		{AA02DA6C-3CEF-4911-9896-3071AC04FDEE}.Ad-Hoc|iPhoneSimulator.Deploy.0 = Release|Any CPU
		{AA02DA6C-3CEF-4911-9896-3071AC04FDEE}.Ad-Hoc|x64.ActiveCfg = Debug|Any CPU
		{AA02DA6C-3CEF-4911-9896-3071AC04FDEE}.Ad-Hoc|x64.Build.0 = Debug|Any CPU
		{AA02DA6C-3CEF-4911-9896-3071AC04FDEE}.Ad-Hoc|x64.Deploy.0 = Debug|Any CPU
		{AA02DA6C-3CEF-4911-9896-3071AC04FDEE}.Ad-Hoc|x86.ActiveCfg = Debug|Any CPU
		{AA02DA6C-3CEF-4911-9896-3071AC04FDEE}.Ad-Hoc|x86.Build.0 = Debug|Any CPU
		{AA02DA6C-3CEF-4911-9896-3071AC04FDEE}.Ad-Hoc|x86.Deploy.0 = Debug|Any CPU
		{AA02DA6C-3CEF-4911-9896-3071AC04FDEE}.AppStore|Any CPU.ActiveCfg = Release|Any CPU
		{AA02DA6C-3CEF-4911-9896-3071AC04FDEE}.AppStore|Any CPU.Build.0 = Release|Any CPU
		{AA02DA6C-3CEF-4911-9896-3071AC04FDEE}.AppStore|Any CPU.Deploy.0 = Release|Any CPU
		{AA02DA6C-3CEF-4911-9896-3071AC04FDEE}.AppStore|ARM.ActiveCfg = Debug|Any CPU
		{AA02DA6C-3CEF-4911-9896-3071AC04FDEE}.AppStore|ARM.Build.0 = Debug|Any CPU
		{AA02DA6C-3CEF-4911-9896-3071AC04FDEE}.AppStore|ARM.Deploy.0 = Debug|Any CPU
		{AA02DA6C-3CEF-4911-9896-3071AC04FDEE}.AppStore|iPhone.ActiveCfg = Release|Any CPU
		{AA02DA6C-3CEF-4911-9896-3071AC04FDEE}.AppStore|iPhone.Build.0 = Release|Any CPU
		{AA02DA6C-3CEF-4911-9896-3071AC04FDEE}.AppStore|iPhone.Deploy.0 = Release|Any CPU
		{AA02DA6C-3CEF-4911-9896-3071AC04FDEE}.AppStore|iPhoneSimulator.ActiveCfg = Release|Any CPU
		{AA02DA6C-3CEF-4911-9896-3071AC04FDEE}.AppStore|iPhoneSimulator.Build.0 = Release|Any CPU
		{AA02DA6C-3CEF-4911-9896-3071AC04FDEE}.AppStore|iPhoneSimulator.Deploy.0 = Release|Any CPU
		{AA02DA6C-3CEF-4911-9896-3071AC04FDEE}.AppStore|x64.ActiveCfg = Debug|Any CPU
		{AA02DA6C-3CEF-4911-9896-3071AC04FDEE}.AppStore|x64.Build.0 = Debug|Any CPU
		{AA02DA6C-3CEF-4911-9896-3071AC04FDEE}.AppStore|x64.Deploy.0 = Debug|Any CPU
		{AA02DA6C-3CEF-4911-9896-3071AC04FDEE}.AppStore|x86.ActiveCfg = Debug|Any CPU
		{AA02DA6C-3CEF-4911-9896-3071AC04FDEE}.AppStore|x86.Build.0 = Debug|Any CPU
		{AA02DA6C-3CEF-4911-9896-3071AC04FDEE}.AppStore|x86.Deploy.0 = Debug|Any CPU
		{AA02DA6C-3CEF-4911-9896-3071AC04FDEE}.Debug|Any CPU.ActiveCfg = Debug|Any CPU
		{AA02DA6C-3CEF-4911-9896-3071AC04FDEE}.Debug|Any CPU.Build.0 = Debug|Any CPU
		{AA02DA6C-3CEF-4911-9896-3071AC04FDEE}.Debug|Any CPU.Deploy.0 = Debug|Any CPU
		{AA02DA6C-3CEF-4911-9896-3071AC04FDEE}.Debug|ARM.ActiveCfg = Debug|Any CPU
		{AA02DA6C-3CEF-4911-9896-3071AC04FDEE}.Debug|ARM.Build.0 = Debug|Any CPU
		{AA02DA6C-3CEF-4911-9896-3071AC04FDEE}.Debug|ARM.Deploy.0 = Debug|Any CPU
		{AA02DA6C-3CEF-4911-9896-3071AC04FDEE}.Debug|iPhone.ActiveCfg = Debug|Any CPU
		{AA02DA6C-3CEF-4911-9896-3071AC04FDEE}.Debug|iPhone.Build.0 = Debug|Any CPU
		{AA02DA6C-3CEF-4911-9896-3071AC04FDEE}.Debug|iPhone.Deploy.0 = Debug|Any CPU
		{AA02DA6C-3CEF-4911-9896-3071AC04FDEE}.Debug|iPhoneSimulator.ActiveCfg = Debug|Any CPU
		{AA02DA6C-3CEF-4911-9896-3071AC04FDEE}.Debug|iPhoneSimulator.Build.0 = Debug|Any CPU
		{AA02DA6C-3CEF-4911-9896-3071AC04FDEE}.Debug|iPhoneSimulator.Deploy.0 = Debug|Any CPU
		{AA02DA6C-3CEF-4911-9896-3071AC04FDEE}.Debug|x64.ActiveCfg = Debug|Any CPU
		{AA02DA6C-3CEF-4911-9896-3071AC04FDEE}.Debug|x64.Build.0 = Debug|Any CPU
		{AA02DA6C-3CEF-4911-9896-3071AC04FDEE}.Debug|x64.Deploy.0 = Debug|Any CPU
		{AA02DA6C-3CEF-4911-9896-3071AC04FDEE}.Debug|x86.ActiveCfg = Debug|Any CPU
		{AA02DA6C-3CEF-4911-9896-3071AC04FDEE}.Debug|x86.Build.0 = Debug|Any CPU
		{AA02DA6C-3CEF-4911-9896-3071AC04FDEE}.Debug|x86.Deploy.0 = Debug|Any CPU
		{AA02DA6C-3CEF-4911-9896-3071AC04FDEE}.Release|Any CPU.ActiveCfg = Release|Any CPU
		{AA02DA6C-3CEF-4911-9896-3071AC04FDEE}.Release|Any CPU.Build.0 = Release|Any CPU
		{AA02DA6C-3CEF-4911-9896-3071AC04FDEE}.Release|Any CPU.Deploy.0 = Release|Any CPU
		{AA02DA6C-3CEF-4911-9896-3071AC04FDEE}.Release|ARM.ActiveCfg = Release|Any CPU
		{AA02DA6C-3CEF-4911-9896-3071AC04FDEE}.Release|ARM.Build.0 = Release|Any CPU
		{AA02DA6C-3CEF-4911-9896-3071AC04FDEE}.Release|ARM.Deploy.0 = Release|Any CPU
		{AA02DA6C-3CEF-4911-9896-3071AC04FDEE}.Release|iPhone.ActiveCfg = Release|Any CPU
		{AA02DA6C-3CEF-4911-9896-3071AC04FDEE}.Release|iPhone.Build.0 = Release|Any CPU
		{AA02DA6C-3CEF-4911-9896-3071AC04FDEE}.Release|iPhone.Deploy.0 = Release|Any CPU
		{AA02DA6C-3CEF-4911-9896-3071AC04FDEE}.Release|iPhoneSimulator.ActiveCfg = Release|Any CPU
		{AA02DA6C-3CEF-4911-9896-3071AC04FDEE}.Release|iPhoneSimulator.Build.0 = Release|Any CPU
		{AA02DA6C-3CEF-4911-9896-3071AC04FDEE}.Release|iPhoneSimulator.Deploy.0 = Release|Any CPU
		{AA02DA6C-3CEF-4911-9896-3071AC04FDEE}.Release|x64.ActiveCfg = Release|Any CPU
		{AA02DA6C-3CEF-4911-9896-3071AC04FDEE}.Release|x64.Build.0 = Release|Any CPU
		{AA02DA6C-3CEF-4911-9896-3071AC04FDEE}.Release|x64.Deploy.0 = Release|Any CPU
		{AA02DA6C-3CEF-4911-9896-3071AC04FDEE}.Release|x86.ActiveCfg = Release|Any CPU
		{AA02DA6C-3CEF-4911-9896-3071AC04FDEE}.Release|x86.Build.0 = Release|Any CPU
		{AA02DA6C-3CEF-4911-9896-3071AC04FDEE}.Release|x86.Deploy.0 = Release|Any CPU
		{423C5A16-C51F-4E28-9C0F-84C7C0CCD4AC}.Ad-Hoc|Any CPU.ActiveCfg = Ad-Hoc|iPhone
		{423C5A16-C51F-4E28-9C0F-84C7C0CCD4AC}.Ad-Hoc|ARM.ActiveCfg = Ad-Hoc|iPhoneSimulator
		{423C5A16-C51F-4E28-9C0F-84C7C0CCD4AC}.Ad-Hoc|iPhone.ActiveCfg = Ad-Hoc|iPhone
		{423C5A16-C51F-4E28-9C0F-84C7C0CCD4AC}.Ad-Hoc|iPhone.Build.0 = Ad-Hoc|iPhone
		{423C5A16-C51F-4E28-9C0F-84C7C0CCD4AC}.Ad-Hoc|iPhoneSimulator.ActiveCfg = Ad-Hoc|iPhoneSimulator
		{423C5A16-C51F-4E28-9C0F-84C7C0CCD4AC}.Ad-Hoc|iPhoneSimulator.Build.0 = Ad-Hoc|iPhoneSimulator
		{423C5A16-C51F-4E28-9C0F-84C7C0CCD4AC}.Ad-Hoc|x64.ActiveCfg = Ad-Hoc|iPhoneSimulator
		{423C5A16-C51F-4E28-9C0F-84C7C0CCD4AC}.Ad-Hoc|x86.ActiveCfg = Ad-Hoc|iPhoneSimulator
		{423C5A16-C51F-4E28-9C0F-84C7C0CCD4AC}.AppStore|Any CPU.ActiveCfg = AppStore|iPhone
		{423C5A16-C51F-4E28-9C0F-84C7C0CCD4AC}.AppStore|ARM.ActiveCfg = AppStore|iPhoneSimulator
		{423C5A16-C51F-4E28-9C0F-84C7C0CCD4AC}.AppStore|iPhone.ActiveCfg = AppStore|iPhone
		{423C5A16-C51F-4E28-9C0F-84C7C0CCD4AC}.AppStore|iPhone.Build.0 = AppStore|iPhone
		{423C5A16-C51F-4E28-9C0F-84C7C0CCD4AC}.AppStore|iPhoneSimulator.ActiveCfg = AppStore|iPhoneSimulator
		{423C5A16-C51F-4E28-9C0F-84C7C0CCD4AC}.AppStore|iPhoneSimulator.Build.0 = AppStore|iPhoneSimulator
		{423C5A16-C51F-4E28-9C0F-84C7C0CCD4AC}.AppStore|x64.ActiveCfg = AppStore|iPhoneSimulator
		{423C5A16-C51F-4E28-9C0F-84C7C0CCD4AC}.AppStore|x86.ActiveCfg = AppStore|iPhoneSimulator
		{423C5A16-C51F-4E28-9C0F-84C7C0CCD4AC}.Debug|Any CPU.ActiveCfg = Debug|iPhone
		{423C5A16-C51F-4E28-9C0F-84C7C0CCD4AC}.Debug|ARM.ActiveCfg = Debug|iPhoneSimulator
		{423C5A16-C51F-4E28-9C0F-84C7C0CCD4AC}.Debug|iPhone.ActiveCfg = Debug|iPhone
		{423C5A16-C51F-4E28-9C0F-84C7C0CCD4AC}.Debug|iPhone.Build.0 = Debug|iPhone
		{423C5A16-C51F-4E28-9C0F-84C7C0CCD4AC}.Debug|iPhoneSimulator.ActiveCfg = Debug|iPhoneSimulator
		{423C5A16-C51F-4E28-9C0F-84C7C0CCD4AC}.Debug|iPhoneSimulator.Build.0 = Debug|iPhoneSimulator
		{423C5A16-C51F-4E28-9C0F-84C7C0CCD4AC}.Debug|x64.ActiveCfg = Debug|iPhoneSimulator
		{423C5A16-C51F-4E28-9C0F-84C7C0CCD4AC}.Debug|x86.ActiveCfg = Debug|iPhoneSimulator
		{423C5A16-C51F-4E28-9C0F-84C7C0CCD4AC}.Release|Any CPU.ActiveCfg = Release|iPhone
		{423C5A16-C51F-4E28-9C0F-84C7C0CCD4AC}.Release|ARM.ActiveCfg = Release|iPhoneSimulator
		{423C5A16-C51F-4E28-9C0F-84C7C0CCD4AC}.Release|iPhone.ActiveCfg = Release|iPhone
		{423C5A16-C51F-4E28-9C0F-84C7C0CCD4AC}.Release|iPhone.Build.0 = Release|iPhone
		{423C5A16-C51F-4E28-9C0F-84C7C0CCD4AC}.Release|iPhoneSimulator.ActiveCfg = Release|iPhoneSimulator
		{423C5A16-C51F-4E28-9C0F-84C7C0CCD4AC}.Release|iPhoneSimulator.Build.0 = Release|iPhoneSimulator
		{423C5A16-C51F-4E28-9C0F-84C7C0CCD4AC}.Release|x64.ActiveCfg = Release|iPhoneSimulator
		{423C5A16-C51F-4E28-9C0F-84C7C0CCD4AC}.Release|x86.ActiveCfg = Release|iPhoneSimulator
		{57F12C93-A2C8-49DE-8CAD-138E83748674}.Ad-Hoc|Any CPU.ActiveCfg = Release|Any CPU
		{57F12C93-A2C8-49DE-8CAD-138E83748674}.Ad-Hoc|Any CPU.Build.0 = Release|Any CPU
		{57F12C93-A2C8-49DE-8CAD-138E83748674}.Ad-Hoc|ARM.ActiveCfg = Debug|Any CPU
		{57F12C93-A2C8-49DE-8CAD-138E83748674}.Ad-Hoc|ARM.Build.0 = Debug|Any CPU
		{57F12C93-A2C8-49DE-8CAD-138E83748674}.Ad-Hoc|iPhone.ActiveCfg = Release|Any CPU
		{57F12C93-A2C8-49DE-8CAD-138E83748674}.Ad-Hoc|iPhone.Build.0 = Release|Any CPU
		{57F12C93-A2C8-49DE-8CAD-138E83748674}.Ad-Hoc|iPhoneSimulator.ActiveCfg = Release|Any CPU
		{57F12C93-A2C8-49DE-8CAD-138E83748674}.Ad-Hoc|iPhoneSimulator.Build.0 = Release|Any CPU
		{57F12C93-A2C8-49DE-8CAD-138E83748674}.Ad-Hoc|x64.ActiveCfg = Debug|Any CPU
		{57F12C93-A2C8-49DE-8CAD-138E83748674}.Ad-Hoc|x64.Build.0 = Debug|Any CPU
		{57F12C93-A2C8-49DE-8CAD-138E83748674}.Ad-Hoc|x86.ActiveCfg = Debug|Any CPU
		{57F12C93-A2C8-49DE-8CAD-138E83748674}.Ad-Hoc|x86.Build.0 = Debug|Any CPU
		{57F12C93-A2C8-49DE-8CAD-138E83748674}.AppStore|Any CPU.ActiveCfg = Release|Any CPU
		{57F12C93-A2C8-49DE-8CAD-138E83748674}.AppStore|Any CPU.Build.0 = Release|Any CPU
		{57F12C93-A2C8-49DE-8CAD-138E83748674}.AppStore|ARM.ActiveCfg = Debug|Any CPU
		{57F12C93-A2C8-49DE-8CAD-138E83748674}.AppStore|ARM.Build.0 = Debug|Any CPU
		{57F12C93-A2C8-49DE-8CAD-138E83748674}.AppStore|iPhone.ActiveCfg = Release|Any CPU
		{57F12C93-A2C8-49DE-8CAD-138E83748674}.AppStore|iPhone.Build.0 = Release|Any CPU
		{57F12C93-A2C8-49DE-8CAD-138E83748674}.AppStore|iPhoneSimulator.ActiveCfg = Release|Any CPU
		{57F12C93-A2C8-49DE-8CAD-138E83748674}.AppStore|iPhoneSimulator.Build.0 = Release|Any CPU
		{57F12C93-A2C8-49DE-8CAD-138E83748674}.AppStore|x64.ActiveCfg = Debug|Any CPU
		{57F12C93-A2C8-49DE-8CAD-138E83748674}.AppStore|x64.Build.0 = Debug|Any CPU
		{57F12C93-A2C8-49DE-8CAD-138E83748674}.AppStore|x86.ActiveCfg = Debug|Any CPU
		{57F12C93-A2C8-49DE-8CAD-138E83748674}.AppStore|x86.Build.0 = Debug|Any CPU
		{57F12C93-A2C8-49DE-8CAD-138E83748674}.Debug|Any CPU.ActiveCfg = Debug|Any CPU
		{57F12C93-A2C8-49DE-8CAD-138E83748674}.Debug|Any CPU.Build.0 = Debug|Any CPU
		{57F12C93-A2C8-49DE-8CAD-138E83748674}.Debug|ARM.ActiveCfg = Debug|Any CPU
		{57F12C93-A2C8-49DE-8CAD-138E83748674}.Debug|ARM.Build.0 = Debug|Any CPU
		{57F12C93-A2C8-49DE-8CAD-138E83748674}.Debug|iPhone.ActiveCfg = Debug|Any CPU
		{57F12C93-A2C8-49DE-8CAD-138E83748674}.Debug|iPhone.Build.0 = Debug|Any CPU
		{57F12C93-A2C8-49DE-8CAD-138E83748674}.Debug|iPhoneSimulator.ActiveCfg = Debug|Any CPU
		{57F12C93-A2C8-49DE-8CAD-138E83748674}.Debug|iPhoneSimulator.Build.0 = Debug|Any CPU
		{57F12C93-A2C8-49DE-8CAD-138E83748674}.Debug|x64.ActiveCfg = Debug|Any CPU
		{57F12C93-A2C8-49DE-8CAD-138E83748674}.Debug|x64.Build.0 = Debug|Any CPU
		{57F12C93-A2C8-49DE-8CAD-138E83748674}.Debug|x86.ActiveCfg = Debug|Any CPU
		{57F12C93-A2C8-49DE-8CAD-138E83748674}.Debug|x86.Build.0 = Debug|Any CPU
		{57F12C93-A2C8-49DE-8CAD-138E83748674}.Release|Any CPU.ActiveCfg = Release|Any CPU
		{57F12C93-A2C8-49DE-8CAD-138E83748674}.Release|Any CPU.Build.0 = Release|Any CPU
		{57F12C93-A2C8-49DE-8CAD-138E83748674}.Release|ARM.ActiveCfg = Release|Any CPU
		{57F12C93-A2C8-49DE-8CAD-138E83748674}.Release|ARM.Build.0 = Release|Any CPU
		{57F12C93-A2C8-49DE-8CAD-138E83748674}.Release|iPhone.ActiveCfg = Release|Any CPU
		{57F12C93-A2C8-49DE-8CAD-138E83748674}.Release|iPhone.Build.0 = Release|Any CPU
		{57F12C93-A2C8-49DE-8CAD-138E83748674}.Release|iPhoneSimulator.ActiveCfg = Release|Any CPU
		{57F12C93-A2C8-49DE-8CAD-138E83748674}.Release|iPhoneSimulator.Build.0 = Release|Any CPU
		{57F12C93-A2C8-49DE-8CAD-138E83748674}.Release|x64.ActiveCfg = Release|Any CPU
		{57F12C93-A2C8-49DE-8CAD-138E83748674}.Release|x64.Build.0 = Release|Any CPU
		{57F12C93-A2C8-49DE-8CAD-138E83748674}.Release|x86.ActiveCfg = Release|Any CPU
		{57F12C93-A2C8-49DE-8CAD-138E83748674}.Release|x86.Build.0 = Release|Any CPU
		{3A740E8D-144E-4C0D-BA93-5E6FB1F668BE}.Ad-Hoc|Any CPU.ActiveCfg = Release|x64
		{3A740E8D-144E-4C0D-BA93-5E6FB1F668BE}.Ad-Hoc|Any CPU.Build.0 = Release|x64
		{3A740E8D-144E-4C0D-BA93-5E6FB1F668BE}.Ad-Hoc|Any CPU.Deploy.0 = Release|x64
		{3A740E8D-144E-4C0D-BA93-5E6FB1F668BE}.Ad-Hoc|ARM.ActiveCfg = Release|ARM
		{3A740E8D-144E-4C0D-BA93-5E6FB1F668BE}.Ad-Hoc|ARM.Build.0 = Release|ARM
		{3A740E8D-144E-4C0D-BA93-5E6FB1F668BE}.Ad-Hoc|ARM.Deploy.0 = Release|ARM
		{3A740E8D-144E-4C0D-BA93-5E6FB1F668BE}.Ad-Hoc|iPhone.ActiveCfg = Release|x64
		{3A740E8D-144E-4C0D-BA93-5E6FB1F668BE}.Ad-Hoc|iPhone.Build.0 = Release|x64
		{3A740E8D-144E-4C0D-BA93-5E6FB1F668BE}.Ad-Hoc|iPhone.Deploy.0 = Release|x64
		{3A740E8D-144E-4C0D-BA93-5E6FB1F668BE}.Ad-Hoc|iPhoneSimulator.ActiveCfg = Release|x64
		{3A740E8D-144E-4C0D-BA93-5E6FB1F668BE}.Ad-Hoc|iPhoneSimulator.Build.0 = Release|x64
		{3A740E8D-144E-4C0D-BA93-5E6FB1F668BE}.Ad-Hoc|iPhoneSimulator.Deploy.0 = Release|x64
		{3A740E8D-144E-4C0D-BA93-5E6FB1F668BE}.Ad-Hoc|x64.ActiveCfg = Release|x64
		{3A740E8D-144E-4C0D-BA93-5E6FB1F668BE}.Ad-Hoc|x64.Build.0 = Release|x64
		{3A740E8D-144E-4C0D-BA93-5E6FB1F668BE}.Ad-Hoc|x64.Deploy.0 = Release|x64
		{3A740E8D-144E-4C0D-BA93-5E6FB1F668BE}.Ad-Hoc|x86.ActiveCfg = Release|x86
		{3A740E8D-144E-4C0D-BA93-5E6FB1F668BE}.Ad-Hoc|x86.Build.0 = Release|x86
		{3A740E8D-144E-4C0D-BA93-5E6FB1F668BE}.Ad-Hoc|x86.Deploy.0 = Release|x86
		{3A740E8D-144E-4C0D-BA93-5E6FB1F668BE}.AppStore|Any CPU.ActiveCfg = Release|x64
		{3A740E8D-144E-4C0D-BA93-5E6FB1F668BE}.AppStore|Any CPU.Build.0 = Release|x64
		{3A740E8D-144E-4C0D-BA93-5E6FB1F668BE}.AppStore|Any CPU.Deploy.0 = Release|x64
		{3A740E8D-144E-4C0D-BA93-5E6FB1F668BE}.AppStore|ARM.ActiveCfg = Release|ARM
		{3A740E8D-144E-4C0D-BA93-5E6FB1F668BE}.AppStore|ARM.Build.0 = Release|ARM
		{3A740E8D-144E-4C0D-BA93-5E6FB1F668BE}.AppStore|ARM.Deploy.0 = Release|ARM
		{3A740E8D-144E-4C0D-BA93-5E6FB1F668BE}.AppStore|iPhone.ActiveCfg = Release|x64
		{3A740E8D-144E-4C0D-BA93-5E6FB1F668BE}.AppStore|iPhone.Build.0 = Release|x64
		{3A740E8D-144E-4C0D-BA93-5E6FB1F668BE}.AppStore|iPhone.Deploy.0 = Release|x64
		{3A740E8D-144E-4C0D-BA93-5E6FB1F668BE}.AppStore|iPhoneSimulator.ActiveCfg = Release|x64
		{3A740E8D-144E-4C0D-BA93-5E6FB1F668BE}.AppStore|iPhoneSimulator.Build.0 = Release|x64
		{3A740E8D-144E-4C0D-BA93-5E6FB1F668BE}.AppStore|iPhoneSimulator.Deploy.0 = Release|x64
		{3A740E8D-144E-4C0D-BA93-5E6FB1F668BE}.AppStore|x64.ActiveCfg = Release|x64
		{3A740E8D-144E-4C0D-BA93-5E6FB1F668BE}.AppStore|x64.Build.0 = Release|x64
		{3A740E8D-144E-4C0D-BA93-5E6FB1F668BE}.AppStore|x64.Deploy.0 = Release|x64
		{3A740E8D-144E-4C0D-BA93-5E6FB1F668BE}.AppStore|x86.ActiveCfg = Release|x86
		{3A740E8D-144E-4C0D-BA93-5E6FB1F668BE}.AppStore|x86.Build.0 = Release|x86
		{3A740E8D-144E-4C0D-BA93-5E6FB1F668BE}.AppStore|x86.Deploy.0 = Release|x86
		{3A740E8D-144E-4C0D-BA93-5E6FB1F668BE}.Debug|Any CPU.ActiveCfg = Debug|x86
		{3A740E8D-144E-4C0D-BA93-5E6FB1F668BE}.Debug|Any CPU.Build.0 = Debug|x86
		{3A740E8D-144E-4C0D-BA93-5E6FB1F668BE}.Debug|Any CPU.Deploy.0 = Debug|x86
		{3A740E8D-144E-4C0D-BA93-5E6FB1F668BE}.Debug|ARM.ActiveCfg = Debug|ARM
		{3A740E8D-144E-4C0D-BA93-5E6FB1F668BE}.Debug|ARM.Build.0 = Debug|ARM
		{3A740E8D-144E-4C0D-BA93-5E6FB1F668BE}.Debug|ARM.Deploy.0 = Debug|ARM
		{3A740E8D-144E-4C0D-BA93-5E6FB1F668BE}.Debug|iPhone.ActiveCfg = Debug|x86
		{3A740E8D-144E-4C0D-BA93-5E6FB1F668BE}.Debug|iPhoneSimulator.ActiveCfg = Debug|x86
		{3A740E8D-144E-4C0D-BA93-5E6FB1F668BE}.Debug|x64.ActiveCfg = Debug|x64
		{3A740E8D-144E-4C0D-BA93-5E6FB1F668BE}.Debug|x64.Build.0 = Debug|x64
		{3A740E8D-144E-4C0D-BA93-5E6FB1F668BE}.Debug|x64.Deploy.0 = Debug|x64
		{3A740E8D-144E-4C0D-BA93-5E6FB1F668BE}.Debug|x86.ActiveCfg = Debug|x86
		{3A740E8D-144E-4C0D-BA93-5E6FB1F668BE}.Debug|x86.Build.0 = Debug|x86
		{3A740E8D-144E-4C0D-BA93-5E6FB1F668BE}.Debug|x86.Deploy.0 = Debug|x86
		{3A740E8D-144E-4C0D-BA93-5E6FB1F668BE}.Release|Any CPU.ActiveCfg = Release|x86
		{3A740E8D-144E-4C0D-BA93-5E6FB1F668BE}.Release|ARM.ActiveCfg = Release|ARM
		{3A740E8D-144E-4C0D-BA93-5E6FB1F668BE}.Release|ARM.Build.0 = Release|ARM
		{3A740E8D-144E-4C0D-BA93-5E6FB1F668BE}.Release|ARM.Deploy.0 = Release|ARM
		{3A740E8D-144E-4C0D-BA93-5E6FB1F668BE}.Release|iPhone.ActiveCfg = Release|x86
		{3A740E8D-144E-4C0D-BA93-5E6FB1F668BE}.Release|iPhoneSimulator.ActiveCfg = Release|x86
		{3A740E8D-144E-4C0D-BA93-5E6FB1F668BE}.Release|x64.ActiveCfg = Release|x64
		{3A740E8D-144E-4C0D-BA93-5E6FB1F668BE}.Release|x64.Build.0 = Release|x64
		{3A740E8D-144E-4C0D-BA93-5E6FB1F668BE}.Release|x64.Deploy.0 = Release|x64
		{3A740E8D-144E-4C0D-BA93-5E6FB1F668BE}.Release|x86.ActiveCfg = Release|x86
		{3A740E8D-144E-4C0D-BA93-5E6FB1F668BE}.Release|x86.Build.0 = Release|x86
		{3A740E8D-144E-4C0D-BA93-5E6FB1F668BE}.Release|x86.Deploy.0 = Release|x86
	EndGlobalSection
	GlobalSection(SolutionProperties) = preSolution
		HideSolutionNode = FALSE
	EndGlobalSection
	GlobalSection(ExtensibilityGlobals) = postSolution
		SolutionGuid = {140D3CA8-9709-40E6-95CD-8538B3747EB9}
	EndGlobalSection
EndGlobal
